// !$*UTF8*$!
{
	archiveVersion = 1;
	classes = {
	};
	objectVersion = 50;
	objects = {

/* Begin PBXBuildFile section */
		E34C7EA2235D46BE0096D99D /* testWithNoJsFile.html in Resources */ = {isa = PBXBuildFile; fileRef = E34C7EA1235D46BE0096D99D /* testWithNoJsFile.html */; };
		E34C7EA5235D50E60096D99D /* HCWebViewJavaScript.m in Sources */ = {isa = PBXBuildFile; fileRef = E34C7EA4235D50E60096D99D /* HCWebViewJavaScript.m */; };
		E3E35AD2233E0BFB00075B23 /* AppDelegate.m in Sources */ = {isa = PBXBuildFile; fileRef = E3E35AD1233E0BFB00075B23 /* AppDelegate.m */; };
		E3E35AD5233E0BFB00075B23 /* ViewController.m in Sources */ = {isa = PBXBuildFile; fileRef = E3E35AD4233E0BFB00075B23 /* ViewController.m */; };
		E3E35AD8233E0BFB00075B23 /* Main.storyboard in Resources */ = {isa = PBXBuildFile; fileRef = E3E35AD6233E0BFB00075B23 /* Main.storyboard */; };
		E3E35ADA233E0BFC00075B23 /* Assets.xcassets in Resources */ = {isa = PBXBuildFile; fileRef = E3E35AD9233E0BFC00075B23 /* Assets.xcassets */; };
		E3E35ADD233E0BFC00075B23 /* LaunchScreen.storyboard in Resources */ = {isa = PBXBuildFile; fileRef = E3E35ADB233E0BFC00075B23 /* LaunchScreen.storyboard */; };
		E3E35AE0233E0BFC00075B23 /* main.m in Sources */ = {isa = PBXBuildFile; fileRef = E3E35ADF233E0BFC00075B23 /* main.m */; };
		E3E35AEA233E0BFC00075B23 /* iOS_ExampleTests.m in Sources */ = {isa = PBXBuildFile; fileRef = E3E35AE9233E0BFC00075B23 /* iOS_ExampleTests.m */; };
		E3E35AF5233E0BFC00075B23 /* iOS_ExampleUITests.m in Sources */ = {isa = PBXBuildFile; fileRef = E3E35AF4233E0BFC00075B23 /* iOS_ExampleUITests.m */; };
		E3E35B07233E143400075B23 /* DemoViewController.m in Sources */ = {isa = PBXBuildFile; fileRef = E3E35B06233E143400075B23 /* DemoViewController.m */; };
		E3E35B0A233E164200075B23 /* WebKit.framework in Frameworks */ = {isa = PBXBuildFile; fileRef = E3E35B09233E164200075B23 /* WebKit.framework */; };
		E3E35B1B233E173800075B23 /* HCWKWebViewJsBridge.m in Sources */ = {isa = PBXBuildFile; fileRef = E3E35B0D233E173800075B23 /* HCWKWebViewJsBridge.m */; };
		E3E35B1C233E173800075B23 /* HCWebViewJsBridgeUtil.m in Sources */ = {isa = PBXBuildFile; fileRef = E3E35B0E233E173800075B23 /* HCWebViewJsBridgeUtil.m */; };
		E3E35B1D233E173800075B23 /* HCJsApiName.m in Sources */ = {isa = PBXBuildFile; fileRef = E3E35B0F233E173800075B23 /* HCJsApiName.m */; };
		E3E35B1E233E173800075B23 /* NSObject+HCJSContext.m in Sources */ = {isa = PBXBuildFile; fileRef = E3E35B14233E173800075B23 /* NSObject+HCJSContext.m */; };
		E3E35B1F233E173800075B23 /* HCCoreJSExportImpl.m in Sources */ = {isa = PBXBuildFile; fileRef = E3E35B17233E173800075B23 /* HCCoreJSExportImpl.m */; };
		E3E35B20233E173800075B23 /* HCWebViewJsBridge.m in Sources */ = {isa = PBXBuildFile; fileRef = E3E35B18233E173800075B23 /* HCWebViewJsBridge.m */; };
		E3E35B21233E173800075B23 /* HCJsApiMethod.m in Sources */ = {isa = PBXBuildFile; fileRef = E3E35B19233E173800075B23 /* HCJsApiMethod.m */; };
		E3E35B24233E177D00075B23 /* test.html in Resources */ = {isa = PBXBuildFile; fileRef = E3E35B22233E177D00075B23 /* test.html */; };
		E3E35B25233E177D00075B23 /* hcJsBridge.js in Resources */ = {isa = PBXBuildFile; fileRef = E3E35B23233E177D00075B23 /* hcJsBridge.js */; };
		E3E35B28233E17C700075B23 /* DemoJsApi.m in Sources */ = {isa = PBXBuildFile; fileRef = E3E35B27233E17C700075B23 /* DemoJsApi.m */; };
		E3E35B452340E7A300075B23 /* vue.js in Resources */ = {isa = PBXBuildFile; fileRef = E3E35B442340E7A300075B23 /* vue.js */; };
		E3E35B482340E7C900075B23 /* TestJsApi.m in Sources */ = {isa = PBXBuildFile; fileRef = E3E35B462340E7C900075B23 /* TestJsApi.m */; };
		E3E35B4A2340EC2100075B23 /* vconsole.min.js in Resources */ = {isa = PBXBuildFile; fileRef = E3E35B492340EC2000075B23 /* vconsole.min.js */; };
/* End PBXBuildFile section */

/* Begin PBXContainerItemProxy section */
		E3E35AE6233E0BFC00075B23 /* PBXContainerItemProxy */ = {
			isa = PBXContainerItemProxy;
			containerPortal = E3E35AC5233E0BFB00075B23 /* Project object */;
			proxyType = 1;
			remoteGlobalIDString = E3E35ACC233E0BFB00075B23;
			remoteInfo = "iOS Example";
		};
		E3E35AF1233E0BFC00075B23 /* PBXContainerItemProxy */ = {
			isa = PBXContainerItemProxy;
			containerPortal = E3E35AC5233E0BFB00075B23 /* Project object */;
			proxyType = 1;
			remoteGlobalIDString = E3E35ACC233E0BFB00075B23;
			remoteInfo = "iOS Example";
		};
/* End PBXContainerItemProxy section */

/* Begin PBXFileReference section */
		E34C7EA1235D46BE0096D99D /* testWithNoJsFile.html */ = {isa = PBXFileReference; fileEncoding = 4; lastKnownFileType = text.html; path = testWithNoJsFile.html; sourceTree = "<group>"; };
		E34C7EA3235D50E60096D99D /* HCWebViewJavaScript.h */ = {isa = PBXFileReference; lastKnownFileType = sourcecode.c.h; path = HCWebViewJavaScript.h; sourceTree = "<group>"; };
		E34C7EA4235D50E60096D99D /* HCWebViewJavaScript.m */ = {isa = PBXFileReference; lastKnownFileType = sourcecode.c.objc; path = HCWebViewJavaScript.m; sourceTree = "<group>"; };
		E3E35ACD233E0BFB00075B23 /* iOS Example.app */ = {isa = PBXFileReference; explicitFileType = wrapper.application; includeInIndex = 0; path = "iOS Example.app"; sourceTree = BUILT_PRODUCTS_DIR; };
		E3E35AD0233E0BFB00075B23 /* AppDelegate.h */ = {isa = PBXFileReference; lastKnownFileType = sourcecode.c.h; path = AppDelegate.h; sourceTree = "<group>"; };
		E3E35AD1233E0BFB00075B23 /* AppDelegate.m */ = {isa = PBXFileReference; lastKnownFileType = sourcecode.c.objc; path = AppDelegate.m; sourceTree = "<group>"; };
		E3E35AD3233E0BFB00075B23 /* ViewController.h */ = {isa = PBXFileReference; lastKnownFileType = sourcecode.c.h; path = ViewController.h; sourceTree = "<group>"; };
		E3E35AD4233E0BFB00075B23 /* ViewController.m */ = {isa = PBXFileReference; lastKnownFileType = sourcecode.c.objc; path = ViewController.m; sourceTree = "<group>"; };
		E3E35AD7233E0BFB00075B23 /* Base */ = {isa = PBXFileReference; lastKnownFileType = file.storyboard; name = Base; path = Base.lproj/Main.storyboard; sourceTree = "<group>"; };
		E3E35AD9233E0BFC00075B23 /* Assets.xcassets */ = {isa = PBXFileReference; lastKnownFileType = folder.assetcatalog; path = Assets.xcassets; sourceTree = "<group>"; };
		E3E35ADC233E0BFC00075B23 /* Base */ = {isa = PBXFileReference; lastKnownFileType = file.storyboard; name = Base; path = Base.lproj/LaunchScreen.storyboard; sourceTree = "<group>"; };
		E3E35ADE233E0BFC00075B23 /* Info.plist */ = {isa = PBXFileReference; lastKnownFileType = text.plist.xml; path = Info.plist; sourceTree = "<group>"; };
		E3E35ADF233E0BFC00075B23 /* main.m */ = {isa = PBXFileReference; lastKnownFileType = sourcecode.c.objc; path = main.m; sourceTree = "<group>"; };
		E3E35AE5233E0BFC00075B23 /* iOS ExampleTests.xctest */ = {isa = PBXFileReference; explicitFileType = wrapper.cfbundle; includeInIndex = 0; path = "iOS ExampleTests.xctest"; sourceTree = BUILT_PRODUCTS_DIR; };
		E3E35AE9233E0BFC00075B23 /* iOS_ExampleTests.m */ = {isa = PBXFileReference; lastKnownFileType = sourcecode.c.objc; path = iOS_ExampleTests.m; sourceTree = "<group>"; };
		E3E35AEB233E0BFC00075B23 /* Info.plist */ = {isa = PBXFileReference; lastKnownFileType = text.plist.xml; path = Info.plist; sourceTree = "<group>"; };
		E3E35AF0233E0BFC00075B23 /* iOS ExampleUITests.xctest */ = {isa = PBXFileReference; explicitFileType = wrapper.cfbundle; includeInIndex = 0; path = "iOS ExampleUITests.xctest"; sourceTree = BUILT_PRODUCTS_DIR; };
		E3E35AF4233E0BFC00075B23 /* iOS_ExampleUITests.m */ = {isa = PBXFileReference; lastKnownFileType = sourcecode.c.objc; path = iOS_ExampleUITests.m; sourceTree = "<group>"; };
		E3E35AF6233E0BFC00075B23 /* Info.plist */ = {isa = PBXFileReference; lastKnownFileType = text.plist.xml; path = Info.plist; sourceTree = "<group>"; };
		E3E35B05233E143400075B23 /* DemoViewController.h */ = {isa = PBXFileReference; lastKnownFileType = sourcecode.c.h; path = DemoViewController.h; sourceTree = "<group>"; };
		E3E35B06233E143400075B23 /* DemoViewController.m */ = {isa = PBXFileReference; lastKnownFileType = sourcecode.c.objc; path = DemoViewController.m; sourceTree = "<group>"; };
		E3E35B09233E164200075B23 /* WebKit.framework */ = {isa = PBXFileReference; lastKnownFileType = wrapper.framework; name = WebKit.framework; path = System/Library/Frameworks/WebKit.framework; sourceTree = SDKROOT; };
		E3E35B0C233E173800075B23 /* NSObject+HCJSContext.h */ = {isa = PBXFileReference; fileEncoding = 4; lastKnownFileType = sourcecode.c.h; path = "NSObject+HCJSContext.h"; sourceTree = "<group>"; };
		E3E35B0D233E173800075B23 /* HCWKWebViewJsBridge.m */ = {isa = PBXFileReference; fileEncoding = 4; lastKnownFileType = sourcecode.c.objc; path = HCWKWebViewJsBridge.m; sourceTree = "<group>"; };
		E3E35B0E233E173800075B23 /* HCWebViewJsBridgeUtil.m */ = {isa = PBXFileReference; fileEncoding = 4; lastKnownFileType = sourcecode.c.objc; path = HCWebViewJsBridgeUtil.m; sourceTree = "<group>"; };
		E3E35B0F233E173800075B23 /* HCJsApiName.m */ = {isa = PBXFileReference; fileEncoding = 4; lastKnownFileType = sourcecode.c.objc; path = HCJsApiName.m; sourceTree = "<group>"; };
		E3E35B10233E173800075B23 /* HCJsApiMethod.h */ = {isa = PBXFileReference; fileEncoding = 4; lastKnownFileType = sourcecode.c.h; path = HCJsApiMethod.h; sourceTree = "<group>"; };
		E3E35B11233E173800075B23 /* HCWebViewJsBridge.h */ = {isa = PBXFileReference; fileEncoding = 4; lastKnownFileType = sourcecode.c.h; path = HCWebViewJsBridge.h; sourceTree = "<group>"; };
		E3E35B12233E173800075B23 /* HCCoreJSExportImpl.h */ = {isa = PBXFileReference; fileEncoding = 4; lastKnownFileType = sourcecode.c.h; path = HCCoreJSExportImpl.h; sourceTree = "<group>"; };
		E3E35B13233E173800075B23 /* HCWKWebViewJsBridge.h */ = {isa = PBXFileReference; fileEncoding = 4; lastKnownFileType = sourcecode.c.h; path = HCWKWebViewJsBridge.h; sourceTree = "<group>"; };
		E3E35B14233E173800075B23 /* NSObject+HCJSContext.m */ = {isa = PBXFileReference; fileEncoding = 4; lastKnownFileType = sourcecode.c.objc; path = "NSObject+HCJSContext.m"; sourceTree = "<group>"; };
		E3E35B15233E173800075B23 /* HCCoreJSExport.h */ = {isa = PBXFileReference; fileEncoding = 4; lastKnownFileType = sourcecode.c.h; path = HCCoreJSExport.h; sourceTree = "<group>"; };
		E3E35B16233E173800075B23 /* HCWebViewJsBridgeUtil.h */ = {isa = PBXFileReference; fileEncoding = 4; lastKnownFileType = sourcecode.c.h; path = HCWebViewJsBridgeUtil.h; sourceTree = "<group>"; };
		E3E35B17233E173800075B23 /* HCCoreJSExportImpl.m */ = {isa = PBXFileReference; fileEncoding = 4; lastKnownFileType = sourcecode.c.objc; path = HCCoreJSExportImpl.m; sourceTree = "<group>"; };
		E3E35B18233E173800075B23 /* HCWebViewJsBridge.m */ = {isa = PBXFileReference; fileEncoding = 4; lastKnownFileType = sourcecode.c.objc; path = HCWebViewJsBridge.m; sourceTree = "<group>"; };
		E3E35B19233E173800075B23 /* HCJsApiMethod.m */ = {isa = PBXFileReference; fileEncoding = 4; lastKnownFileType = sourcecode.c.objc; path = HCJsApiMethod.m; sourceTree = "<group>"; };
		E3E35B1A233E173800075B23 /* HCJsApiName.h */ = {isa = PBXFileReference; fileEncoding = 4; lastKnownFileType = sourcecode.c.h; path = HCJsApiName.h; sourceTree = "<group>"; };
		E3E35B22233E177D00075B23 /* test.html */ = {isa = PBXFileReference; fileEncoding = 4; lastKnownFileType = text.html; path = test.html; sourceTree = "<group>"; };
		E3E35B23233E177D00075B23 /* hcJsBridge.js */ = {isa = PBXFileReference; fileEncoding = 4; lastKnownFileType = sourcecode.javascript; path = hcJsBridge.js; sourceTree = "<group>"; };
		E3E35B26233E17C700075B23 /* DemoJsApi.h */ = {isa = PBXFileReference; fileEncoding = 4; lastKnownFileType = sourcecode.c.h; path = DemoJsApi.h; sourceTree = "<group>"; };
		E3E35B27233E17C700075B23 /* DemoJsApi.m */ = {isa = PBXFileReference; fileEncoding = 4; lastKnownFileType = sourcecode.c.objc; path = DemoJsApi.m; sourceTree = "<group>"; };
		E3E35B442340E7A300075B23 /* vue.js */ = {isa = PBXFileReference; fileEncoding = 4; lastKnownFileType = sourcecode.javascript; path = vue.js; sourceTree = "<group>"; };
		E3E35B462340E7C900075B23 /* TestJsApi.m */ = {isa = PBXFileReference; fileEncoding = 4; lastKnownFileType = sourcecode.c.objc; path = TestJsApi.m; sourceTree = "<group>"; };
		E3E35B472340E7C900075B23 /* TestJsApi.h */ = {isa = PBXFileReference; fileEncoding = 4; lastKnownFileType = sourcecode.c.h; path = TestJsApi.h; sourceTree = "<group>"; };
		E3E35B492340EC2000075B23 /* vconsole.min.js */ = {isa = PBXFileReference; fileEncoding = 4; lastKnownFileType = sourcecode.javascript; path = vconsole.min.js; sourceTree = "<group>"; };
/* End PBXFileReference section */

/* Begin PBXFrameworksBuildPhase section */
		E3E35ACA233E0BFB00075B23 /* Frameworks */ = {
			isa = PBXFrameworksBuildPhase;
			buildActionMask = 2147483647;
			files = (
				E3E35B0A233E164200075B23 /* WebKit.framework in Frameworks */,
			);
			runOnlyForDeploymentPostprocessing = 0;
		};
		E3E35AE2233E0BFC00075B23 /* Frameworks */ = {
			isa = PBXFrameworksBuildPhase;
			buildActionMask = 2147483647;
			files = (
			);
			runOnlyForDeploymentPostprocessing = 0;
		};
		E3E35AED233E0BFC00075B23 /* Frameworks */ = {
			isa = PBXFrameworksBuildPhase;
			buildActionMask = 2147483647;
			files = (
			);
			runOnlyForDeploymentPostprocessing = 0;
		};
/* End PBXFrameworksBuildPhase section */

/* Begin PBXGroup section */
		E3E35AC4233E0BFB00075B23 = {
			isa = PBXGroup;
			children = (
				E3E35ACF233E0BFB00075B23 /* iOS Example */,
				E3E35AE8233E0BFC00075B23 /* iOS ExampleTests */,
				E3E35AF3233E0BFC00075B23 /* iOS ExampleUITests */,
				E3E35ACE233E0BFB00075B23 /* Products */,
				E3E35B08233E164200075B23 /* Frameworks */,
			);
			sourceTree = "<group>";
		};
		E3E35ACE233E0BFB00075B23 /* Products */ = {
			isa = PBXGroup;
			children = (
				E3E35ACD233E0BFB00075B23 /* iOS Example.app */,
				E3E35AE5233E0BFC00075B23 /* iOS ExampleTests.xctest */,
				E3E35AF0233E0BFC00075B23 /* iOS ExampleUITests.xctest */,
			);
			name = Products;
			sourceTree = "<group>";
		};
		E3E35ACF233E0BFB00075B23 /* iOS Example */ = {
			isa = PBXGroup;
			children = (
				E3E35B0B233E173800075B23 /* HCWebViewJsBridge */,
				E3E35AD0233E0BFB00075B23 /* AppDelegate.h */,
				E3E35AD1233E0BFB00075B23 /* AppDelegate.m */,
				E3E35AD3233E0BFB00075B23 /* ViewController.h */,
				E3E35AD4233E0BFB00075B23 /* ViewController.m */,
				E3E35B05233E143400075B23 /* DemoViewController.h */,
				E3E35B06233E143400075B23 /* DemoViewController.m */,
				E3E35B26233E17C700075B23 /* DemoJsApi.h */,
				E3E35B27233E17C700075B23 /* DemoJsApi.m */,
				E3E35B472340E7C900075B23 /* TestJsApi.h */,
				E3E35B462340E7C900075B23 /* TestJsApi.m */,
				E3E35AD6233E0BFB00075B23 /* Main.storyboard */,
				E3E35AD9233E0BFC00075B23 /* Assets.xcassets */,
				E3E35ADB233E0BFC00075B23 /* LaunchScreen.storyboard */,
				E3E35ADE233E0BFC00075B23 /* Info.plist */,
				E3E35ADF233E0BFC00075B23 /* main.m */,
				E3E35B442340E7A300075B23 /* vue.js */,
				E3E35B492340EC2000075B23 /* vconsole.min.js */,
				E3E35B23233E177D00075B23 /* hcJsBridge.js */,
				E3E35B22233E177D00075B23 /* test.html */,
				E34C7EA1235D46BE0096D99D /* testWithNoJsFile.html */,
			);
			path = "iOS Example";
			sourceTree = "<group>";
		};
		E3E35AE8233E0BFC00075B23 /* iOS ExampleTests */ = {
			isa = PBXGroup;
			children = (
				E3E35AE9233E0BFC00075B23 /* iOS_ExampleTests.m */,
				E3E35AEB233E0BFC00075B23 /* Info.plist */,
			);
			path = "iOS ExampleTests";
			sourceTree = "<group>";
		};
		E3E35AF3233E0BFC00075B23 /* iOS ExampleUITests */ = {
			isa = PBXGroup;
			children = (
				E3E35AF4233E0BFC00075B23 /* iOS_ExampleUITests.m */,
				E3E35AF6233E0BFC00075B23 /* Info.plist */,
			);
			path = "iOS ExampleUITests";
			sourceTree = "<group>";
		};
		E3E35B08233E164200075B23 /* Frameworks */ = {
			isa = PBXGroup;
			children = (
				E3E35B09233E164200075B23 /* WebKit.framework */,
			);
			name = Frameworks;
			sourceTree = "<group>";
		};
		E3E35B0B233E173800075B23 /* HCWebViewJsBridge */ = {
			isa = PBXGroup;
			children = (
				E3E35B11233E173800075B23 /* HCWebViewJsBridge.h */,
				E3E35B18233E173800075B23 /* HCWebViewJsBridge.m */,
				E3E35B13233E173800075B23 /* HCWKWebViewJsBridge.h */,
				E3E35B0D233E173800075B23 /* HCWKWebViewJsBridge.m */,
				E3E35B0C233E173800075B23 /* NSObject+HCJSContext.h */,
				E3E35B14233E173800075B23 /* NSObject+HCJSContext.m */,
				E3E35B16233E173800075B23 /* HCWebViewJsBridgeUtil.h */,
				E3E35B0E233E173800075B23 /* HCWebViewJsBridgeUtil.m */,
				E3E35B1A233E173800075B23 /* HCJsApiName.h */,
				E3E35B0F233E173800075B23 /* HCJsApiName.m */,
				E3E35B10233E173800075B23 /* HCJsApiMethod.h */,
				E3E35B19233E173800075B23 /* HCJsApiMethod.m */,
				E3E35B15233E173800075B23 /* HCCoreJSExport.h */,
				E3E35B12233E173800075B23 /* HCCoreJSExportImpl.h */,
				E3E35B17233E173800075B23 /* HCCoreJSExportImpl.m */,
				E34C7EA3235D50E60096D99D /* HCWebViewJavaScript.h */,
				E34C7EA4235D50E60096D99D /* HCWebViewJavaScript.m */,
			);
			name = HCWebViewJsBridge;
			path = ../../../HCWebViewJsBridge;
			sourceTree = "<group>";
		};
/* End PBXGroup section */

/* Begin PBXNativeTarget section */
		E3E35ACC233E0BFB00075B23 /* iOS Example */ = {
			isa = PBXNativeTarget;
			buildConfigurationList = E3E35AF9233E0BFC00075B23 /* Build configuration list for PBXNativeTarget "iOS Example" */;
			buildPhases = (
				E3E35AC9233E0BFB00075B23 /* Sources */,
				E3E35ACA233E0BFB00075B23 /* Frameworks */,
				E3E35ACB233E0BFB00075B23 /* Resources */,
			);
			buildRules = (
			);
			dependencies = (
			);
			name = "iOS Example";
			productName = "iOS Example";
			productReference = E3E35ACD233E0BFB00075B23 /* iOS Example.app */;
			productType = "com.apple.product-type.application";
		};
		E3E35AE4233E0BFC00075B23 /* iOS ExampleTests */ = {
			isa = PBXNativeTarget;
			buildConfigurationList = E3E35AFC233E0BFC00075B23 /* Build configuration list for PBXNativeTarget "iOS ExampleTests" */;
			buildPhases = (
				E3E35AE1233E0BFC00075B23 /* Sources */,
				E3E35AE2233E0BFC00075B23 /* Frameworks */,
				E3E35AE3233E0BFC00075B23 /* Resources */,
			);
			buildRules = (
			);
			dependencies = (
				E3E35AE7233E0BFC00075B23 /* PBXTargetDependency */,
			);
			name = "iOS ExampleTests";
			productName = "iOS ExampleTests";
			productReference = E3E35AE5233E0BFC00075B23 /* iOS ExampleTests.xctest */;
			productType = "com.apple.product-type.bundle.unit-test";
		};
		E3E35AEF233E0BFC00075B23 /* iOS ExampleUITests */ = {
			isa = PBXNativeTarget;
			buildConfigurationList = E3E35AFF233E0BFC00075B23 /* Build configuration list for PBXNativeTarget "iOS ExampleUITests" */;
			buildPhases = (
				E3E35AEC233E0BFC00075B23 /* Sources */,
				E3E35AED233E0BFC00075B23 /* Frameworks */,
				E3E35AEE233E0BFC00075B23 /* Resources */,
			);
			buildRules = (
			);
			dependencies = (
				E3E35AF2233E0BFC00075B23 /* PBXTargetDependency */,
			);
			name = "iOS ExampleUITests";
			productName = "iOS ExampleUITests";
			productReference = E3E35AF0233E0BFC00075B23 /* iOS ExampleUITests.xctest */;
			productType = "com.apple.product-type.bundle.ui-testing";
		};
/* End PBXNativeTarget section */

/* Begin PBXProject section */
		E3E35AC5233E0BFB00075B23 /* Project object */ = {
			isa = PBXProject;
			attributes = {
				LastUpgradeCheck = 1020;
				ORGANIZATIONNAME = lhc;
				TargetAttributes = {
					E3E35ACC233E0BFB00075B23 = {
						CreatedOnToolsVersion = 10.2;
					};
					E3E35AE4233E0BFC00075B23 = {
						CreatedOnToolsVersion = 10.2;
						TestTargetID = E3E35ACC233E0BFB00075B23;
					};
					E3E35AEF233E0BFC00075B23 = {
						CreatedOnToolsVersion = 10.2;
						TestTargetID = E3E35ACC233E0BFB00075B23;
					};
				};
			};
			buildConfigurationList = E3E35AC8233E0BFB00075B23 /* Build configuration list for PBXProject "iOS Example" */;
			compatibilityVersion = "Xcode 9.3";
			developmentRegion = en;
			hasScannedForEncodings = 0;
			knownRegions = (
				en,
				Base,
			);
			mainGroup = E3E35AC4233E0BFB00075B23;
			productRefGroup = E3E35ACE233E0BFB00075B23 /* Products */;
			projectDirPath = "";
			projectRoot = "";
			targets = (
				E3E35ACC233E0BFB00075B23 /* iOS Example */,
				E3E35AE4233E0BFC00075B23 /* iOS ExampleTests */,
				E3E35AEF233E0BFC00075B23 /* iOS ExampleUITests */,
			);
		};
/* End PBXProject section */

/* Begin PBXResourcesBuildPhase section */
		E3E35ACB233E0BFB00075B23 /* Resources */ = {
			isa = PBXResourcesBuildPhase;
			buildActionMask = 2147483647;
			files = (
				E3E35B24233E177D00075B23 /* test.html in Resources */,
				E3E35ADD233E0BFC00075B23 /* LaunchScreen.storyboard in Resources */,
				E3E35ADA233E0BFC00075B23 /* Assets.xcassets in Resources */,
				E3E35B25233E177D00075B23 /* hcJsBridge.js in Resources */,
				E3E35AD8233E0BFB00075B23 /* Main.storyboard in Resources */,
				E3E35B4A2340EC2100075B23 /* vconsole.min.js in Resources */,
				E34C7EA2235D46BE0096D99D /* testWithNoJsFile.html in Resources */,
				E3E35B452340E7A300075B23 /* vue.js in Resources */,
			);
			runOnlyForDeploymentPostprocessing = 0;
		};
		E3E35AE3233E0BFC00075B23 /* Resources */ = {
			isa = PBXResourcesBuildPhase;
			buildActionMask = 2147483647;
			files = (
			);
			runOnlyForDeploymentPostprocessing = 0;
		};
		E3E35AEE233E0BFC00075B23 /* Resources */ = {
			isa = PBXResourcesBuildPhase;
			buildActionMask = 2147483647;
			files = (
			);
			runOnlyForDeploymentPostprocessing = 0;
		};
/* End PBXResourcesBuildPhase section */

/* Begin PBXSourcesBuildPhase section */
		E3E35AC9233E0BFB00075B23 /* Sources */ = {
			isa = PBXSourcesBuildPhase;
			buildActionMask = 2147483647;
			files = (
				E3E35B482340E7C900075B23 /* TestJsApi.m in Sources */,
				E3E35B1C233E173800075B23 /* HCWebViewJsBridgeUtil.m in Sources */,
				E3E35B1E233E173800075B23 /* NSObject+HCJSContext.m in Sources */,
				E34C7EA5235D50E60096D99D /* HCWebViewJavaScript.m in Sources */,
				E3E35B20233E173800075B23 /* HCWebViewJsBridge.m in Sources */,
				E3E35AD5233E0BFB00075B23 /* ViewController.m in Sources */,
				E3E35B1D233E173800075B23 /* HCJsApiName.m in Sources */,
				E3E35B1F233E173800075B23 /* HCCoreJSExportImpl.m in Sources */,
				E3E35B28233E17C700075B23 /* DemoJsApi.m in Sources */,
				E3E35B1B233E173800075B23 /* HCWKWebViewJsBridge.m in Sources */,
				E3E35AE0233E0BFC00075B23 /* main.m in Sources */,
				E3E35B21233E173800075B23 /* HCJsApiMethod.m in Sources */,
				E3E35AD2233E0BFB00075B23 /* AppDelegate.m in Sources */,
				E3E35B07233E143400075B23 /* DemoViewController.m in Sources */,
			);
			runOnlyForDeploymentPostprocessing = 0;
		};
		E3E35AE1233E0BFC00075B23 /* Sources */ = {
			isa = PBXSourcesBuildPhase;
			buildActionMask = 2147483647;
			files = (
				E3E35AEA233E0BFC00075B23 /* iOS_ExampleTests.m in Sources */,
			);
			runOnlyForDeploymentPostprocessing = 0;
		};
		E3E35AEC233E0BFC00075B23 /* Sources */ = {
			isa = PBXSourcesBuildPhase;
			buildActionMask = 2147483647;
			files = (
				E3E35AF5233E0BFC00075B23 /* iOS_ExampleUITests.m in Sources */,
			);
			runOnlyForDeploymentPostprocessing = 0;
		};
/* End PBXSourcesBuildPhase section */

/* Begin PBXTargetDependency section */
		E3E35AE7233E0BFC00075B23 /* PBXTargetDependency */ = {
			isa = PBXTargetDependency;
			target = E3E35ACC233E0BFB00075B23 /* iOS Example */;
			targetProxy = E3E35AE6233E0BFC00075B23 /* PBXContainerItemProxy */;
		};
		E3E35AF2233E0BFC00075B23 /* PBXTargetDependency */ = {
			isa = PBXTargetDependency;
			target = E3E35ACC233E0BFB00075B23 /* iOS Example */;
			targetProxy = E3E35AF1233E0BFC00075B23 /* PBXContainerItemProxy */;
		};
/* End PBXTargetDependency section */

/* Begin PBXVariantGroup section */
		E3E35AD6233E0BFB00075B23 /* Main.storyboard */ = {
			isa = PBXVariantGroup;
			children = (
				E3E35AD7233E0BFB00075B23 /* Base */,
			);
			name = Main.storyboard;
			sourceTree = "<group>";
		};
		E3E35ADB233E0BFC00075B23 /* LaunchScreen.storyboard */ = {
			isa = PBXVariantGroup;
			children = (
				E3E35ADC233E0BFC00075B23 /* Base */,
			);
			name = LaunchScreen.storyboard;
			sourceTree = "<group>";
		};
/* End PBXVariantGroup section */

/* Begin XCBuildConfiguration section */
		E3E35AF7233E0BFC00075B23 /* Debug */ = {
			isa = XCBuildConfiguration;
			buildSettings = {
				ALWAYS_SEARCH_USER_PATHS = NO;
				CLANG_ANALYZER_NONNULL = YES;
				CLANG_ANALYZER_NUMBER_OBJECT_CONVERSION = YES_AGGRESSIVE;
				CLANG_CXX_LANGUAGE_STANDARD = "gnu++14";
				CLANG_CXX_LIBRARY = "libc++";
				CLANG_ENABLE_MODULES = YES;
				CLANG_ENABLE_OBJC_ARC = YES;
				CLANG_ENABLE_OBJC_WEAK = YES;
				CLANG_WARN_BLOCK_CAPTURE_AUTORELEASING = YES;
				CLANG_WARN_BOOL_CONVERSION = YES;
				CLANG_WARN_COMMA = YES;
				CLANG_WARN_CONSTANT_CONVERSION = YES;
				CLANG_WARN_DEPRECATED_OBJC_IMPLEMENTATIONS = YES;
				CLANG_WARN_DIRECT_OBJC_ISA_USAGE = YES_ERROR;
				CLANG_WARN_DOCUMENTATION_COMMENTS = YES;
				CLANG_WARN_EMPTY_BODY = YES;
				CLANG_WARN_ENUM_CONVERSION = YES;
				CLANG_WARN_INFINITE_RECURSION = YES;
				CLANG_WARN_INT_CONVERSION = YES;
				CLANG_WARN_NON_LITERAL_NULL_CONVERSION = YES;
				CLANG_WARN_OBJC_IMPLICIT_RETAIN_SELF = YES;
				CLANG_WARN_OBJC_LITERAL_CONVERSION = YES;
				CLANG_WARN_OBJC_ROOT_CLASS = YES_ERROR;
				CLANG_WARN_RANGE_LOOP_ANALYSIS = YES;
				CLANG_WARN_STRICT_PROTOTYPES = YES;
				CLANG_WARN_SUSPICIOUS_MOVE = YES;
				CLANG_WARN_UNGUARDED_AVAILABILITY = YES_AGGRESSIVE;
				CLANG_WARN_UNREACHABLE_CODE = YES;
				CLANG_WARN__DUPLICATE_METHOD_MATCH = YES;
				CODE_SIGN_IDENTITY = "iPhone Developer";
				COPY_PHASE_STRIP = NO;
				DEBUG_INFORMATION_FORMAT = dwarf;
				ENABLE_STRICT_OBJC_MSGSEND = YES;
				ENABLE_TESTABILITY = YES;
				GCC_C_LANGUAGE_STANDARD = gnu11;
				GCC_DYNAMIC_NO_PIC = NO;
				GCC_NO_COMMON_BLOCKS = YES;
				GCC_OPTIMIZATION_LEVEL = 0;
				GCC_PREPROCESSOR_DEFINITIONS = (
					"DEBUG=1",
					"$(inherited)",
				);
				GCC_WARN_64_TO_32_BIT_CONVERSION = YES;
				GCC_WARN_ABOUT_RETURN_TYPE = YES_ERROR;
				GCC_WARN_UNDECLARED_SELECTOR = YES;
				GCC_WARN_UNINITIALIZED_AUTOS = YES_AGGRESSIVE;
				GCC_WARN_UNUSED_FUNCTION = YES;
				GCC_WARN_UNUSED_VARIABLE = YES;
				IPHONEOS_DEPLOYMENT_TARGET = 12.2;
				MTL_ENABLE_DEBUG_INFO = INCLUDE_SOURCE;
				MTL_FAST_MATH = YES;
				ONLY_ACTIVE_ARCH = YES;
				SDKROOT = iphoneos;
			};
			name = Debug;
		};
		E3E35AF8233E0BFC00075B23 /* Release */ = {
			isa = XCBuildConfiguration;
			buildSettings = {
				ALWAYS_SEARCH_USER_PATHS = NO;
				CLANG_ANALYZER_NONNULL = YES;
				CLANG_ANALYZER_NUMBER_OBJECT_CONVERSION = YES_AGGRESSIVE;
				CLANG_CXX_LANGUAGE_STANDARD = "gnu++14";
				CLANG_CXX_LIBRARY = "libc++";
				CLANG_ENABLE_MODULES = YES;
				CLANG_ENABLE_OBJC_ARC = YES;
				CLANG_ENABLE_OBJC_WEAK = YES;
				CLANG_WARN_BLOCK_CAPTURE_AUTORELEASING = YES;
				CLANG_WARN_BOOL_CONVERSION = YES;
				CLANG_WARN_COMMA = YES;
				CLANG_WARN_CONSTANT_CONVERSION = YES;
				CLANG_WARN_DEPRECATED_OBJC_IMPLEMENTATIONS = YES;
				CLANG_WARN_DIRECT_OBJC_ISA_USAGE = YES_ERROR;
				CLANG_WARN_DOCUMENTATION_COMMENTS = YES;
				CLANG_WARN_EMPTY_BODY = YES;
				CLANG_WARN_ENUM_CONVERSION = YES;
				CLANG_WARN_INFINITE_RECURSION = YES;
				CLANG_WARN_INT_CONVERSION = YES;
				CLANG_WARN_NON_LITERAL_NULL_CONVERSION = YES;
				CLANG_WARN_OBJC_IMPLICIT_RETAIN_SELF = YES;
				CLANG_WARN_OBJC_LITERAL_CONVERSION = YES;
				CLANG_WARN_OBJC_ROOT_CLASS = YES_ERROR;
				CLANG_WARN_RANGE_LOOP_ANALYSIS = YES;
				CLANG_WARN_STRICT_PROTOTYPES = YES;
				CLANG_WARN_SUSPICIOUS_MOVE = YES;
				CLANG_WARN_UNGUARDED_AVAILABILITY = YES_AGGRESSIVE;
				CLANG_WARN_UNREACHABLE_CODE = YES;
				CLANG_WARN__DUPLICATE_METHOD_MATCH = YES;
				CODE_SIGN_IDENTITY = "iPhone Developer";
				COPY_PHASE_STRIP = NO;
				DEBUG_INFORMATION_FORMAT = "dwarf-with-dsym";
				ENABLE_NS_ASSERTIONS = NO;
				ENABLE_STRICT_OBJC_MSGSEND = YES;
				GCC_C_LANGUAGE_STANDARD = gnu11;
				GCC_NO_COMMON_BLOCKS = YES;
				GCC_WARN_64_TO_32_BIT_CONVERSION = YES;
				GCC_WARN_ABOUT_RETURN_TYPE = YES_ERROR;
				GCC_WARN_UNDECLARED_SELECTOR = YES;
				GCC_WARN_UNINITIALIZED_AUTOS = YES_AGGRESSIVE;
				GCC_WARN_UNUSED_FUNCTION = YES;
				GCC_WARN_UNUSED_VARIABLE = YES;
				IPHONEOS_DEPLOYMENT_TARGET = 12.2;
				MTL_ENABLE_DEBUG_INFO = NO;
				MTL_FAST_MATH = YES;
				SDKROOT = iphoneos;
				VALIDATE_PRODUCT = YES;
			};
			name = Release;
		};
		E3E35AFA233E0BFC00075B23 /* Debug */ = {
			isa = XCBuildConfiguration;
			buildSettings = {
				ASSETCATALOG_COMPILER_APPICON_NAME = AppIcon;
				CODE_SIGN_STYLE = Manual;
				DEVELOPMENT_TEAM = B2TK8ZNGUG;
				INFOPLIST_FILE = "iOS Example/Info.plist";
				IPHONEOS_DEPLOYMENT_TARGET = 11.0;
				LD_RUNPATH_SEARCH_PATHS = (
					"$(inherited)",
					"@executable_path/Frameworks",
				);
				PRODUCT_BUNDLE_IDENTIFIER = "com.lhc.iOS-Example";
				PRODUCT_NAME = "$(TARGET_NAME)";
				PROVISIONING_PROFILE_SPECIFIER = "BotsDevelopmentPP***";
				TARGETED_DEVICE_FAMILY = "1,2";
			};
			name = Debug;
		};
		E3E35AFB233E0BFC00075B23 /* Release */ = {
			isa = XCBuildConfiguration;
			buildSettings = {
				ASSETCATALOG_COMPILER_APPICON_NAME = AppIcon;
				CODE_SIGN_STYLE = Manual;
				DEVELOPMENT_TEAM = B2TK8ZNGUG;
				INFOPLIST_FILE = "iOS Example/Info.plist";
				IPHONEOS_DEPLOYMENT_TARGET = 11.0;
				LD_RUNPATH_SEARCH_PATHS = (
					"$(inherited)",
					"@executable_path/Frameworks",
				);
				PRODUCT_BUNDLE_IDENTIFIER = "com.lhc.iOS-Example";
				PRODUCT_NAME = "$(TARGET_NAME)";
				PROVISIONING_PROFILE_SPECIFIER = "BotsDevelopmentPP***";
				TARGETED_DEVICE_FAMILY = "1,2";
			};
			name = Release;
		};
		E3E35AFD233E0BFC00075B23 /* Debug */ = {
			isa = XCBuildConfiguration;
			buildSettings = {
				BUNDLE_LOADER = "$(TEST_HOST)";
				CODE_SIGN_STYLE = Automatic;
				DEVELOPMENT_TEAM = L3JRZS7A28;
				INFOPLIST_FILE = "iOS ExampleTests/Info.plist";
				LD_RUNPATH_SEARCH_PATHS = (
					"$(inherited)",
					"@executable_path/Frameworks",
					"@loader_path/Frameworks",
				);
				PRODUCT_BUNDLE_IDENTIFIER = "com.lhc.iOS-ExampleTests";
				PRODUCT_NAME = "$(TARGET_NAME)";
				TARGETED_DEVICE_FAMILY = "1,2";
				TEST_HOST = "$(BUILT_PRODUCTS_DIR)/iOS Example.app/iOS Example";
			};
			name = Debug;
		};
		E3E35AFE233E0BFC00075B23 /* Release */ = {
			isa = XCBuildConfiguration;
			buildSettings = {
				BUNDLE_LOADER = "$(TEST_HOST)";
				CODE_SIGN_STYLE = Automatic;
				DEVELOPMENT_TEAM = L3JRZS7A28;
				INFOPLIST_FILE = "iOS ExampleTests/Info.plist";
				LD_RUNPATH_SEARCH_PATHS = (
					"$(inherited)",
					"@executable_path/Frameworks",
					"@loader_path/Frameworks",
				);
				PRODUCT_BUNDLE_IDENTIFIER = "com.lhc.iOS-ExampleTests";
				PRODUCT_NAME = "$(TARGET_NAME)";
				TARGETED_DEVICE_FAMILY = "1,2";
				TEST_HOST = "$(BUILT_PRODUCTS_DIR)/iOS Example.app/iOS Example";
			};
			name = Release;
		};
		E3E35B00233E0BFC00075B23 /* Debug */ = {
			isa = XCBuildConfiguration;
			buildSettings = {
				CODE_SIGN_STYLE = Automatic;
				DEVELOPMENT_TEAM = L3JRZS7A28;
				INFOPLIST_FILE = "iOS ExampleUITests/Info.plist";
				LD_RUNPATH_SEARCH_PATHS = (
					"$(inherited)",
					"@executable_path/Frameworks",
					"@loader_path/Frameworks",
				);
				PRODUCT_BUNDLE_IDENTIFIER = "com.lhc.iOS-ExampleUITests";
				PRODUCT_NAME = "$(TARGET_NAME)";
				TARGETED_DEVICE_FAMILY = "1,2";
				TEST_TARGET_NAME = "iOS Example";
			};
			name = Debug;
		};
		E3E35B01233E0BFC00075B23 /* Release */ = {
			isa = XCBuildConfiguration;
			buildSettings = {
				CODE_SIGN_STYLE = Automatic;
				DEVELOPMENT_TEAM = L3JRZS7A28;
				INFOPLIST_FILE = "iOS ExampleUITests/Info.plist";
				LD_RUNPATH_SEARCH_PATHS = (
					"$(inherited)",
					"@executable_path/Frameworks",
					"@loader_path/Frameworks",
				);
				PRODUCT_BUNDLE_IDENTIFIER = "com.lhc.iOS-ExampleUITests";
				PRODUCT_NAME = "$(TARGET_NAME)";
				TARGETED_DEVICE_FAMILY = "1,2";
				TEST_TARGET_NAME = "iOS Example";
			};
			name = Release;
		};
/* End XCBuildConfiguration section */

/* Begin XCConfigurationList section */
		E3E35AC8233E0BFB00075B23 /* Build configuration list for PBXProject "iOS Example" */ = {
			isa = XCConfigurationList;
			buildConfigurations = (
				E3E35AF7233E0BFC00075B23 /* Debug */,
				E3E35AF8233E0BFC00075B23 /* Release */,
			);
			defaultConfigurationIsVisible = 0;
			defaultConfigurationName = Release;
		};
		E3E35AF9233E0BFC00075B23 /* Build configuration list for PBXNativeTarget "iOS Example" */ = {
			isa = XCConfigurationList;
			buildConfigurations = (
				E3E35AFA233E0BFC00075B23 /* Debug */,
				E3E35AFB233E0BFC00075B23 /* Release */,
			);
			defaultConfigurationIsVisible = 0;
			defaultConfigurationName = Release;
		};
		E3E35AFC233E0BFC00075B23 /* Build configuration list for PBXNativeTarget "iOS ExampleTests" */ = {
			isa = XCConfigurationList;
			buildConfigurations = (
				E3E35AFD233E0BFC00075B23 /* Debug */,
				E3E35AFE233E0BFC00075B23 /* Release */,
			);
			defaultConfigurationIsVisible = 0;
			defaultConfigurationName = Release;
		};
		E3E35AFF233E0BFC00075B23 /* Build configuration list for PBXNativeTarget "iOS ExampleUITests" */ = {
			isa = XCConfigurationList;
			buildConfigurations = (
				E3E35B00233E0BFC00075B23 /* Debug */,
				E3E35B01233E0BFC00075B23 /* Release */,
			);
			defaultConfigurationIsVisible = 0;
			defaultConfigurationName = Release;
		};
/* End XCConfigurationList section */
	};
	rootObject = E3E35AC5233E0BFB00075B23 /* Project object */;
}
